
Microsoft Visual Studio Solution File, Format Version 12.00
# Visual Studio 15
VisualStudioVersion = 15.0.27428.2037
MinimumVisualStudioVersion = 10.0.40219.1
Project("{9A19103F-16F7-4668-BE54-9A1E7A4F7556}") = "01. Matrix of Palindromes", "01. Matrix of Palindromes\01. Matrix of Palindromes.csproj", "{09A02232-358C-4782-95AF-1DBB3C00CC03}"
EndProject
Project("{9A19103F-16F7-4668-BE54-9A1E7A4F7556}") = "02. Diagonal Difference", "02. Diagonal Difference\02. Diagonal Difference.csproj", "{63741B7D-B350-4445-9257-9516BF61693F}"
EndProject
Project("{9A19103F-16F7-4668-BE54-9A1E7A4F7556}") = "03. Squares in Matrix", "03. Squares in Matrix\03. Squares in Matrix.csproj", "{20804066-596F-41ED-80EC-B90D72320627}"
EndProject
Project("{9A19103F-16F7-4668-BE54-9A1E7A4F7556}") = "04. Maximal Sum", "04. Maximal Sum\04. Maximal Sum.csproj", "{AFA38FF8-8DEF-4846-B2AC-2BB43EE96C9E}"
EndProject
Project("{9A19103F-16F7-4668-BE54-9A1E7A4F7556}") = "05. Rubics Matrix", "05. Rubics Matrix\05. Rubics Matrix.csproj", "{922F2BF9-244E-4234-A873-9DDAD1CF80A1}"
EndProject
Project("{9A19103F-16F7-4668-BE54-9A1E7A4F7556}") = "06. Target Practice", "06. Target Practice\06. Target Practice.csproj", "{5F21EFE0-6E5C-4505-894C-FF6B62B74D88}"
EndProject
Project("{9A19103F-16F7-4668-BE54-9A1E7A4F7556}") = "7. Lego Blocks", "7. Lego Blocks\7. Lego Blocks.csproj", "{76317A6B-CBB2-442B-A5FE-6DA46FF5BF15}"
EndProject
Project("{9A19103F-16F7-4668-BE54-9A1E7A4F7556}") = "8. Radioactive Mutant Vampire Bunnies", "8. Radioactive Mutant Vampire Bunnies\8. Radioactive Mutant Vampire Bunnies.csproj", "{369D4188-8BDF-4256-9B26-AB03F5568197}"
EndProject
Project("{9A19103F-16F7-4668-BE54-9A1E7A4F7556}") = "12. String Matrix Rotation", "12. String Matrix Rotation\12. String Matrix Rotation.csproj", "{6CF101B9-165A-4E54-BEE3-4EC5AB5AB3D4}"
EndProject
Project("{9A19103F-16F7-4668-BE54-9A1E7A4F7556}") = "11. Parking System", "11. Parking System\11. Parking System.csproj", "{F704631C-6EFB-4876-BB77-89684F5F68C2}"
EndProject
Project("{9A19103F-16F7-4668-BE54-9A1E7A4F7556}") = "09. Crossfire", "09. Crossfire\09. Crossfire.csproj", "{409C74C2-84DB-44E9-9554-CC56F3BEF433}"
EndProject
Project("{FAE04EC0-301F-11D3-BF4B-00C04F79EFBC}") = "10. The Heigan Dance", "10. The Heigan Dance\10. The Heigan Dance.csproj", "{01B34C50-D362-4846-8265-6172050C196E}"
EndProject
Global
	GlobalSection(SolutionConfigurationPlatforms) = preSolution
		Debug|Any CPU = Debug|Any CPU
		Release|Any CPU = Release|Any CPU
	EndGlobalSection
	GlobalSection(ProjectConfigurationPlatforms) = postSolution
		{09A02232-358C-4782-95AF-1DBB3C00CC03}.Debug|Any CPU.ActiveCfg = Debug|Any CPU
		{09A02232-358C-4782-95AF-1DBB3C00CC03}.Debug|Any CPU.Build.0 = Debug|Any CPU
		{09A02232-358C-4782-95AF-1DBB3C00CC03}.Release|Any CPU.ActiveCfg = Release|Any CPU
		{09A02232-358C-4782-95AF-1DBB3C00CC03}.Release|Any CPU.Build.0 = Release|Any CPU
		{63741B7D-B350-4445-9257-9516BF61693F}.Debug|Any CPU.ActiveCfg = Debug|Any CPU
		{63741B7D-B350-4445-9257-9516BF61693F}.Debug|Any CPU.Build.0 = Debug|Any CPU
		{63741B7D-B350-4445-9257-9516BF61693F}.Release|Any CPU.ActiveCfg = Release|Any CPU
		{63741B7D-B350-4445-9257-9516BF61693F}.Release|Any CPU.Build.0 = Release|Any CPU
		{20804066-596F-41ED-80EC-B90D72320627}.Debug|Any CPU.ActiveCfg = Debug|Any CPU
		{20804066-596F-41ED-80EC-B90D72320627}.Debug|Any CPU.Build.0 = Debug|Any CPU
		{20804066-596F-41ED-80EC-B90D72320627}.Release|Any CPU.ActiveCfg = Release|Any CPU
		{20804066-596F-41ED-80EC-B90D72320627}.Release|Any CPU.Build.0 = Release|Any CPU
		{AFA38FF8-8DEF-4846-B2AC-2BB43EE96C9E}.Debug|Any CPU.ActiveCfg = Debug|Any CPU
		{AFA38FF8-8DEF-4846-B2AC-2BB43EE96C9E}.Debug|Any CPU.Build.0 = Debug|Any CPU
		{AFA38FF8-8DEF-4846-B2AC-2BB43EE96C9E}.Release|Any CPU.ActiveCfg = Release|Any CPU
		{AFA38FF8-8DEF-4846-B2AC-2BB43EE96C9E}.Release|Any CPU.Build.0 = Release|Any CPU
		{922F2BF9-244E-4234-A873-9DDAD1CF80A1}.Debug|Any CPU.ActiveCfg = Debug|Any CPU
		{922F2BF9-244E-4234-A873-9DDAD1CF80A1}.Debug|Any CPU.Build.0 = Debug|Any CPU
		{922F2BF9-244E-4234-A873-9DDAD1CF80A1}.Release|Any CPU.ActiveCfg = Release|Any CPU
		{922F2BF9-244E-4234-A873-9DDAD1CF80A1}.Release|Any CPU.Build.0 = Release|Any CPU
		{5F21EFE0-6E5C-4505-894C-FF6B62B74D88}.Debug|Any CPU.ActiveCfg = Debug|Any CPU
		{5F21EFE0-6E5C-4505-894C-FF6B62B74D88}.Debug|Any CPU.Build.0 = Debug|Any CPU
		{5F21EFE0-6E5C-4505-894C-FF6B62B74D88}.Release|Any CPU.ActiveCfg = Release|Any CPU
		{5F21EFE0-6E5C-4505-894C-FF6B62B74D88}.Release|Any CPU.Build.0 = Release|Any CPU
		{76317A6B-CBB2-442B-A5FE-6DA46FF5BF15}.Debug|Any CPU.ActiveCfg = Debug|Any CPU
		{76317A6B-CBB2-442B-A5FE-6DA46FF5BF15}.Debug|Any CPU.Build.0 = Debug|Any CPU
		{76317A6B-CBB2-442B-A5FE-6DA46FF5BF15}.Release|Any CPU.ActiveCfg = Release|Any CPU
		{76317A6B-CBB2-442B-A5FE-6DA46FF5BF15}.Release|Any CPU.Build.0 = Release|Any CPU
		{369D4188-8BDF-4256-9B26-AB03F5568197}.Debug|Any CPU.ActiveCfg = Debug|Any CPU
		{369D4188-8BDF-4256-9B26-AB03F5568197}.Debug|Any CPU.Build.0 = Debug|Any CPU
		{369D4188-8BDF-4256-9B26-AB03F5568197}.Release|Any CPU.ActiveCfg = Release|Any CPU
		{369D4188-8BDF-4256-9B26-AB03F5568197}.Release|Any CPU.Build.0 = Release|Any CPU
		{6CF101B9-165A-4E54-BEE3-4EC5AB5AB3D4}.Debug|Any CPU.ActiveCfg = Debug|Any CPU
		{6CF101B9-165A-4E54-BEE3-4EC5AB5AB3D4}.Debug|Any CPU.Build.0 = Debug|Any CPU
		{6CF101B9-165A-4E54-BEE3-4EC5AB5AB3D4}.Release|Any CPU.ActiveCfg = Release|Any CPU
		{6CF101B9-165A-4E54-BEE3-4EC5AB5AB3D4}.Release|Any CPU.Build.0 = Release|Any CPU
		{F704631C-6EFB-4876-BB77-89684F5F68C2}.Debug|Any CPU.ActiveCfg = Debug|Any CPU
		{F704631C-6EFB-4876-BB77-89684F5F68C2}.Debug|Any CPU.Build.0 = Debug|Any CPU
		{F704631C-6EFB-4876-BB77-89684F5F68C2}.Release|Any CPU.ActiveCfg = Release|Any CPU
		{F704631C-6EFB-4876-BB77-89684F5F68C2}.Release|Any CPU.Build.0 = Release|Any CPU
		{409C74C2-84DB-44E9-9554-CC56F3BEF433}.Debug|Any CPU.ActiveCfg = Debug|Any CPU
		{409C74C2-84DB-44E9-9554-CC56F3BEF433}.Debug|Any CPU.Build.0 = Debug|Any CPU
		{409C74C2-84DB-44E9-9554-CC56F3BEF433}.Release|Any CPU.ActiveCfg = Release|Any CPU
		{409C74C2-84DB-44E9-9554-CC56F3BEF433}.Release|Any CPU.Build.0 = Release|Any CPU
		{01B34C50-D362-4846-8265-6172050C196E}.Debug|Any CPU.ActiveCfg = Debug|Any CPU
		{01B34C50-D362-4846-8265-6172050C196E}.Debug|Any CPU.Build.0 = Debug|Any CPU
		{01B34C50-D362-4846-8265-6172050C196E}.Release|Any CPU.ActiveCfg = Release|Any CPU
		{01B34C50-D362-4846-8265-6172050C196E}.Release|Any CPU.Build.0 = Release|Any CPU
	EndGlobalSection
	GlobalSection(SolutionProperties) = preSolution
		HideSolutionNode = FALSE
	EndGlobalSection
	GlobalSection(ExtensibilityGlobals) = postSolution
		SolutionGuid = {9FC9A948-0C68-483D-A84E-1AD097352606}
	EndGlobalSection
EndGlobal
