
Microsoft Visual Studio Solution File, Format Version 12.00
# Visual Studio 15
VisualStudioVersion = 15.0.27428.2037
MinimumVisualStudioVersion = 10.0.40219.1
Project("{FAE04EC0-301F-11D3-BF4B-00C04F79EFBC}") = "01. Matrix of Palindromes", "01. Matrix of Palindromes\01. Matrix of Palindromes.csproj", "{09A02232-358C-4782-95AF-1DBB3C00CC03}"
EndProject
Project("{FAE04EC0-301F-11D3-BF4B-00C04F79EFBC}") = "02. Diagonal Difference", "02. Diagonal Difference\02. Diagonal Difference.csproj", "{63741B7D-B350-4445-9257-9516BF61693F}"
EndProject
Project("{FAE04EC0-301F-11D3-BF4B-00C04F79EFBC}") = "03. Squares in Matrix", "03. Squares in Matrix\03. Squares in Matrix.csproj", "{20804066-596F-41ED-80EC-B90D72320627}"
EndProject
Project("{FAE04EC0-301F-11D3-BF4B-00C04F79EFBC}") = "04. Maximal Sum", "04. Maximal Sum\04. Maximal Sum.csproj", "{AFA38FF8-8DEF-4846-B2AC-2BB43EE96C9E}"
EndProject
Global
	GlobalSection(SolutionConfigurationPlatforms) = preSolution
		Debug|Any CPU = Debug|Any CPU
		Release|Any CPU = Release|Any CPU
	EndGlobalSection
	GlobalSection(ProjectConfigurationPlatforms) = postSolution
		{09A02232-358C-4782-95AF-1DBB3C00CC03}.Debug|Any CPU.ActiveCfg = Debug|Any CPU
		{09A02232-358C-4782-95AF-1DBB3C00CC03}.Debug|Any CPU.Build.0 = Debug|Any CPU
		{09A02232-358C-4782-95AF-1DBB3C00CC03}.Release|Any CPU.ActiveCfg = Release|Any CPU
		{09A02232-358C-4782-95AF-1DBB3C00CC03}.Release|Any CPU.Build.0 = Release|Any CPU
		{63741B7D-B350-4445-9257-9516BF61693F}.Debug|Any CPU.ActiveCfg = Debug|Any CPU
		{63741B7D-B350-4445-9257-9516BF61693F}.Debug|Any CPU.Build.0 = Debug|Any CPU
		{63741B7D-B350-4445-9257-9516BF61693F}.Release|Any CPU.ActiveCfg = Release|Any CPU
		{63741B7D-B350-4445-9257-9516BF61693F}.Release|Any CPU.Build.0 = Release|Any CPU
		{20804066-596F-41ED-80EC-B90D72320627}.Debug|Any CPU.ActiveCfg = Debug|Any CPU
		{20804066-596F-41ED-80EC-B90D72320627}.Debug|Any CPU.Build.0 = Debug|Any CPU
		{20804066-596F-41ED-80EC-B90D72320627}.Release|Any CPU.ActiveCfg = Release|Any CPU
		{20804066-596F-41ED-80EC-B90D72320627}.Release|Any CPU.Build.0 = Release|Any CPU
		{AFA38FF8-8DEF-4846-B2AC-2BB43EE96C9E}.Debug|Any CPU.ActiveCfg = Debug|Any CPU
		{AFA38FF8-8DEF-4846-B2AC-2BB43EE96C9E}.Debug|Any CPU.Build.0 = Debug|Any CPU
		{AFA38FF8-8DEF-4846-B2AC-2BB43EE96C9E}.Release|Any CPU.ActiveCfg = Release|Any CPU
		{AFA38FF8-8DEF-4846-B2AC-2BB43EE96C9E}.Release|Any CPU.Build.0 = Release|Any CPU
	EndGlobalSection
	GlobalSection(SolutionProperties) = preSolution
		HideSolutionNode = FALSE
	EndGlobalSection
	GlobalSection(ExtensibilityGlobals) = postSolution
		SolutionGuid = {9FC9A948-0C68-483D-A84E-1AD097352606}
	EndGlobalSection
EndGlobal
