
Microsoft Visual Studio Solution File, Format Version 12.00
# Visual Studio 15
VisualStudioVersion = 15.0.27428.2037
MinimumVisualStudioVersion = 10.0.40219.1
Project("{9A19103F-16F7-4668-BE54-9A1E7A4F7556}") = "01. Crossroads", "01. Crossroads\01. Crossroads.csproj", "{E68964F0-C391-4E8B-9E55-F4961A7ABE51}"
EndProject
Project("{9A19103F-16F7-4668-BE54-9A1E7A4F7556}") = "02. Parking Feud", "02. Parking Feud\02. Parking Feud.csproj", "{F68A5023-710F-4F9E-91E8-91BAFB8B6C3B}"
EndProject
Project("{9A19103F-16F7-4668-BE54-9A1E7A4F7556}") = "03. Ticket Trouble", "03. Ticket Trouble\03. Ticket Trouble.csproj", "{44DF4A18-22E0-4D92-8C97-FF89031EA716}"
EndProject
Project("{FAE04EC0-301F-11D3-BF4B-00C04F79EFBC}") = "04. Movie Time", "04. Movie Time\04. Movie Time.csproj", "{30AA60FE-5E7E-4D9C-A521-BC3996F7F051}"
EndProject
Global
	GlobalSection(SolutionConfigurationPlatforms) = preSolution
		Debug|Any CPU = Debug|Any CPU
		Release|Any CPU = Release|Any CPU
	EndGlobalSection
	GlobalSection(ProjectConfigurationPlatforms) = postSolution
		{E68964F0-C391-4E8B-9E55-F4961A7ABE51}.Debug|Any CPU.ActiveCfg = Debug|Any CPU
		{E68964F0-C391-4E8B-9E55-F4961A7ABE51}.Debug|Any CPU.Build.0 = Debug|Any CPU
		{E68964F0-C391-4E8B-9E55-F4961A7ABE51}.Release|Any CPU.ActiveCfg = Release|Any CPU
		{E68964F0-C391-4E8B-9E55-F4961A7ABE51}.Release|Any CPU.Build.0 = Release|Any CPU
		{F68A5023-710F-4F9E-91E8-91BAFB8B6C3B}.Debug|Any CPU.ActiveCfg = Debug|Any CPU
		{F68A5023-710F-4F9E-91E8-91BAFB8B6C3B}.Debug|Any CPU.Build.0 = Debug|Any CPU
		{F68A5023-710F-4F9E-91E8-91BAFB8B6C3B}.Release|Any CPU.ActiveCfg = Release|Any CPU
		{F68A5023-710F-4F9E-91E8-91BAFB8B6C3B}.Release|Any CPU.Build.0 = Release|Any CPU
		{44DF4A18-22E0-4D92-8C97-FF89031EA716}.Debug|Any CPU.ActiveCfg = Debug|Any CPU
		{44DF4A18-22E0-4D92-8C97-FF89031EA716}.Debug|Any CPU.Build.0 = Debug|Any CPU
		{44DF4A18-22E0-4D92-8C97-FF89031EA716}.Release|Any CPU.ActiveCfg = Release|Any CPU
		{44DF4A18-22E0-4D92-8C97-FF89031EA716}.Release|Any CPU.Build.0 = Release|Any CPU
		{30AA60FE-5E7E-4D9C-A521-BC3996F7F051}.Debug|Any CPU.ActiveCfg = Debug|Any CPU
		{30AA60FE-5E7E-4D9C-A521-BC3996F7F051}.Debug|Any CPU.Build.0 = Debug|Any CPU
		{30AA60FE-5E7E-4D9C-A521-BC3996F7F051}.Release|Any CPU.ActiveCfg = Release|Any CPU
		{30AA60FE-5E7E-4D9C-A521-BC3996F7F051}.Release|Any CPU.Build.0 = Release|Any CPU
	EndGlobalSection
	GlobalSection(SolutionProperties) = preSolution
		HideSolutionNode = FALSE
	EndGlobalSection
	GlobalSection(ExtensibilityGlobals) = postSolution
		SolutionGuid = {9B231CE7-8292-476A-9721-F876CCDCD5CD}
	EndGlobalSection
EndGlobal
